# This file is generated by running "yarn install" inside your project.
# Manual changes might be lost - proceed with caution!

__metadata:
  version: 8
  cacheKey: 10

"@eklingen/vinyl-stream-postcss@workspace:.":
  version: 0.0.0-use.local
  resolution: "@eklingen/vinyl-stream-postcss@workspace:."
  dependencies:
    postcss: "npm:^8.4.33"
    source-map: "npm:0.8.0-beta.0"
  languageName: unknown
  linkType: soft

"lodash.sortby@npm:^4.7.0":
  version: 4.7.0
  resolution: "lodash.sortby@npm:4.7.0"
  checksum: 38df19ae28608af2c50ac342fc1f414508309d53e1d58ed9adfb2c3cd17c3af290058c0a0478028d932c5404df3d53349d19fa364ef6bed6145a6bc21320399e
  languageName: node
  linkType: hard

"nanoid@npm:^3.3.7":
  version: 3.3.7
  resolution: "nanoid@npm:3.3.7"
  bin:
    nanoid: bin/nanoid.cjs
  checksum: ac1eb60f615b272bccb0e2b9cd933720dad30bf9708424f691b8113826bb91aca7e9d14ef5d9415a6ba15c266b37817256f58d8ce980c82b0ba3185352565679
  languageName: node
  linkType: hard

"picocolors@npm:^1.0.0":
  version: 1.0.0
  resolution: "picocolors@npm:1.0.0"
  checksum: a2e8092dd86c8396bdba9f2b5481032848525b3dc295ce9b57896f931e63fc16f79805144321f72976383fc249584672a75cc18d6777c6b757603f372f745981
  languageName: node
  linkType: hard

"postcss@npm:^8.4.33":
  version: 8.4.33
  resolution: "postcss@npm:8.4.33"
  dependencies:
    nanoid: "npm:^3.3.7"
    picocolors: "npm:^1.0.0"
    source-map-js: "npm:^1.0.2"
  checksum: e22a4594c255f26117f38419fb494d7ecab0f596cd409f7aadc8a6173abf180ed7ea970cd13fd366ab12b5840be901d2a09b25197700c2ebcb5a8077326bf519
  languageName: node
  linkType: hard

"punycode@npm:^2.1.0":
  version: 2.1.1
  resolution: "punycode@npm:2.1.1"
  checksum: 939daa010c2cacebdb060c40ecb52fef0a739324a66f7fffe0f94353a1ee83e3b455e9032054c4a0c4977b0a28e27086f2171c392832b59a01bd948fd8e20914
  languageName: node
  linkType: hard

"source-map-js@npm:^1.0.2":
  version: 1.0.2
  resolution: "source-map-js@npm:1.0.2"
  checksum: 38e2d2dd18d2e331522001fc51b54127ef4a5d473f53b1349c5cca2123562400e0986648b52e9407e348eaaed53bce49248b6e2641e6d793ca57cb2c360d6d51
  languageName: node
  linkType: hard

"source-map@npm:0.8.0-beta.0":
  version: 0.8.0-beta.0
  resolution: "source-map@npm:0.8.0-beta.0"
  dependencies:
    whatwg-url: "npm:^7.0.0"
  checksum: c02e22ab9f8b8e38655ba1e9abae9fe1f8ba216cbbea922718d5e2ea45821606a74f10edec1db9055e7f7cfd1e6a62e5eade67ec30c017a02f4c8e990accbc1c
  languageName: node
  linkType: hard

"tr46@npm:^1.0.1":
  version: 1.0.1
  resolution: "tr46@npm:1.0.1"
  dependencies:
    punycode: "npm:^2.1.0"
  checksum: 6e80d75480cb6658f7f283c15f5f41c2d4dfa243ca99a0e1baf3de6cc823fc4c829f89782a7a11e029905781fccfea42d08d8a6674ba7948c7dbc595b6f27dd3
  languageName: node
  linkType: hard

"webidl-conversions@npm:^4.0.2":
  version: 4.0.2
  resolution: "webidl-conversions@npm:4.0.2"
  checksum: 594187c36f2d7898f89c0ed3b9248a095fa549ecc1befb10a97bc884b5680dc96677f58df5579334d8e0d1018e5ef075689cfa2a6c459f45a61a9deb512cb59e
  languageName: node
  linkType: hard

"whatwg-url@npm:^7.0.0":
  version: 7.1.0
  resolution: "whatwg-url@npm:7.1.0"
  dependencies:
    lodash.sortby: "npm:^4.7.0"
    tr46: "npm:^1.0.1"
    webidl-conversions: "npm:^4.0.2"
  checksum: 769fd35838b4e50536ae08d836472e86adbedda1d5493ea34353c55468147e7868b91d2535b59e01a9e7331ab7e4cdfdf5490c279c045da23c327cf33e32f755
  languageName: node
  linkType: hard
